
Microsoft Visual Studio Solution File, Format Version 12.00
# Visual Studio Version 17
VisualStudioVersion = 17.7.34024.191
MinimumVisualStudioVersion = 10.0.40219.1
Project("{8BC9CEB8-8B4A-11D0-8D11-00A0C91BC942}") = "Bench", "Bench.vcxproj", "{E11CEB9F-7210-449D-A911-655F2BC4C975}"
EndProject
Global
	GlobalSection(SolutionConfigurationPlatforms) = preSolution
		Debug|x64 = Debug|x64
		Debug|x86 = Debug|x86
		Release|x64 = Release|x64
		Release|x86 = Release|x86
	EndGlobalSection
	GlobalSection(ProjectConfigurationPlatforms) = postSolution
		{E11CEB9F-7210-449D-A911-655F2BC4C975}.Debug|x64.ActiveCfg = Debug|x64
		{E11CEB9F-7210-449D-A911-655F2BC4C975}.Debug|x64.Build.0 = Debug|x64
		{E11CEB9F-7210-449D-A911-655F2BC4C975}.Debug|x86.ActiveCfg = Debug|Win32
		{E11CEB9F-7210-449D-A911-655F2BC4C975}.Debug|x86.Build.0 = Debug|Win32
		{E11CEB9F-7210-449D-A911-655F2BC4C975}.Release|x64.ActiveCfg = Release|x64
		{E11CEB9F-7210-449D-A911-655F2BC4C975}.Release|x64.Build.0 = Release|x64
		{E11CEB9F-7210-449D-A911-655F2BC4C975}.Release|x86.ActiveCfg = Release|Win32
		{E11CEB9F-7210-449D-A911-655F2BC4C975}.Release|x86.Build.0 = Release|Win32
	EndGlobalSection
	GlobalSection(SolutionProperties) = preSolution
		HideSolutionNode = FALSE
	EndGlobalSection
	GlobalSection(ExtensibilityGlobals) = postSolution
		SolutionGuid = {65C088BD-1B97-4EFD-B1A1-A889B953CFAB}
	EndGlobalSection
EndGlobal
